
Microsoft Visual Studio Solution File, Format Version 12.00
# Visual Studio Version 17
VisualStudioVersion = 17.5.2.0
MinimumVisualStudioVersion = 10.0.40219.1
Project("{FAE04EC0-301F-11D3-BF4B-00C04F79EFBC}") = "GoogleAuthenticator", "GoogleAuthenticator\GoogleAuthenticator.csproj", "{50F6E5A5-A4B1-458A-AA1C-AB14F9AEE726}"
EndProject
Global
	GlobalSection(SolutionConfigurationPlatforms) = preSolution
		Debug|Any CPU = Debug|Any CPU
		Debug|x64 = Debug|x64
		Debug|x86 = Debug|x86
		Release|Any CPU = Release|Any CPU
		Release|x64 = Release|x64
		Release|x86 = Release|x86
	EndGlobalSection
	GlobalSection(ProjectConfigurationPlatforms) = postSolution
		{5A5CE76F-5C32-E862-9E7C-CA38395ED1B3}.Debug|Any CPU.ActiveCfg = Debug|Any CPU
		{5A5CE76F-5C32-E862-9E7C-CA38395ED1B3}.Debug|Any CPU.Build.0 = Debug|Any CPU
		{5A5CE76F-5C32-E862-9E7C-CA38395ED1B3}.Debug|x64.ActiveCfg = Debug|Any CPU
		{5A5CE76F-5C32-E862-9E7C-CA38395ED1B3}.Debug|x64.Build.0 = Debug|Any CPU
		{5A5CE76F-5C32-E862-9E7C-CA38395ED1B3}.Debug|x86.ActiveCfg = Debug|Any CPU
		{5A5CE76F-5C32-E862-9E7C-CA38395ED1B3}.Debug|x86.Build.0 = Debug|Any CPU
		{5A5CE76F-5C32-E862-9E7C-CA38395ED1B3}.Release|Any CPU.ActiveCfg = Release|Any CPU
		{5A5CE76F-5C32-E862-9E7C-CA38395ED1B3}.Release|Any CPU.Build.0 = Release|Any CPU
		{5A5CE76F-5C32-E862-9E7C-CA38395ED1B3}.Release|x64.ActiveCfg = Release|Any CPU
		{5A5CE76F-5C32-E862-9E7C-CA38395ED1B3}.Release|x64.Build.0 = Release|Any CPU
		{5A5CE76F-5C32-E862-9E7C-CA38395ED1B3}.Release|x86.ActiveCfg = Release|Any CPU
		{5A5CE76F-5C32-E862-9E7C-CA38395ED1B3}.Release|x86.Build.0 = Release|Any CPU
		{50F6E5A5-A4B1-458A-AA1C-AB14F9AEE726}.Debug|Any CPU.ActiveCfg = Debug|Any CPU
		{50F6E5A5-A4B1-458A-AA1C-AB14F9AEE726}.Debug|Any CPU.Build.0 = Debug|Any CPU
		{50F6E5A5-A4B1-458A-AA1C-AB14F9AEE726}.Debug|x64.ActiveCfg = Debug|Any CPU
		{50F6E5A5-A4B1-458A-AA1C-AB14F9AEE726}.Debug|x64.Build.0 = Debug|Any CPU
		{50F6E5A5-A4B1-458A-AA1C-AB14F9AEE726}.Debug|x86.ActiveCfg = Debug|Any CPU
		{50F6E5A5-A4B1-458A-AA1C-AB14F9AEE726}.Debug|x86.Build.0 = Debug|Any CPU
		{50F6E5A5-A4B1-458A-AA1C-AB14F9AEE726}.Release|Any CPU.ActiveCfg = Release|Any CPU
		{50F6E5A5-A4B1-458A-AA1C-AB14F9AEE726}.Release|Any CPU.Build.0 = Release|Any CPU
		{50F6E5A5-A4B1-458A-AA1C-AB14F9AEE726}.Release|x64.ActiveCfg = Release|Any CPU
		{50F6E5A5-A4B1-458A-AA1C-AB14F9AEE726}.Release|x64.Build.0 = Release|Any CPU
		{50F6E5A5-A4B1-458A-AA1C-AB14F9AEE726}.Release|x86.ActiveCfg = Release|Any CPU
		{50F6E5A5-A4B1-458A-AA1C-AB14F9AEE726}.Release|x86.Build.0 = Release|Any CPU
	EndGlobalSection
	GlobalSection(SolutionProperties) = preSolution
		HideSolutionNode = FALSE
	EndGlobalSection
	GlobalSection(ExtensibilityGlobals) = postSolution
		SolutionGuid = {C0296D1B-453E-4CF4-AF08-ECCBBDF8413A}
	EndGlobalSection
EndGlobal
